
Microsoft Visual Studio Solution File, Format Version 12.00
# Visual Studio Version 17
VisualStudioVersion = 17.13.35919.96 d17.13
MinimumVisualStudioVersion = 10.0.40219.1
Project("{2150E333-8FDC-42A3-9474-1A3956D46DE8}") = "src", "src", "{02EA681E-C7D8-13C7-8484-4AC65E1B71E8}"
EndProject
Project("{FAE04EC0-301F-11D3-BF4B-00C04F79EFBC}") = "signup", "src\signup\signup.csproj", "{20442A0A-584F-4DBC-AC98-47704B8C8C66}"
EndProject
Project("{FAE04EC0-301F-11D3-BF4B-00C04F79EFBC}") = "tests", "tests\tests.csproj", "{CEA93504-E020-4B8E-950B-2757345ABA50}"
EndProject
Global
	GlobalSection(SolutionConfigurationPlatforms) = preSolution
		Debug|Any CPU = Debug|Any CPU
		Release|Any CPU = Release|Any CPU
	EndGlobalSection
	GlobalSection(ProjectConfigurationPlatforms) = postSolution
		{20442A0A-584F-4DBC-AC98-47704B8C8C66}.Debug|Any CPU.ActiveCfg = Debug|Any CPU
		{20442A0A-584F-4DBC-AC98-47704B8C8C66}.Debug|Any CPU.Build.0 = Debug|Any CPU
		{20442A0A-584F-4DBC-AC98-47704B8C8C66}.Release|Any CPU.ActiveCfg = Release|Any CPU
		{20442A0A-584F-4DBC-AC98-47704B8C8C66}.Release|Any CPU.Build.0 = Release|Any CPU
		{CEA93504-E020-4B8E-950B-2757345ABA50}.Debug|Any CPU.ActiveCfg = Debug|Any CPU
		{CEA93504-E020-4B8E-950B-2757345ABA50}.Debug|Any CPU.Build.0 = Debug|Any CPU
		{CEA93504-E020-4B8E-950B-2757345ABA50}.Release|Any CPU.ActiveCfg = Release|Any CPU
		{CEA93504-E020-4B8E-950B-2757345ABA50}.Release|Any CPU.Build.0 = Release|Any CPU
	EndGlobalSection
	GlobalSection(SolutionProperties) = preSolution
		HideSolutionNode = FALSE
	EndGlobalSection
	GlobalSection(NestedProjects) = preSolution
		{20442A0A-584F-4DBC-AC98-47704B8C8C66} = {02EA681E-C7D8-13C7-8484-4AC65E1B71E8}
	EndGlobalSection
	GlobalSection(ExtensibilityGlobals) = postSolution
		SolutionGuid = {B5518FF0-7E2D-434F-8107-C575A73B7F19}
	EndGlobalSection
EndGlobal
